// !$*UTF8*$!
{
	archiveVersion = 1;
	classes = {
	};
	objectVersion = 77;
	objects = {

/* Begin PBXContainerItemProxy section */
		DAA9CE962EFA23B1006C2A4C /* PBXContainerItemProxy */ = {
			isa = PBXContainerItemProxy;
			containerPortal = DAA9CE802EFA23AC006C2A4C /* Project object */;
			proxyType = 1;
			remoteGlobalIDString = DAA9CE872EFA23AC006C2A4C;
			remoteInfo = BodePlotApp;
		};
		DAA9CEA02EFA23B1006C2A4C /* PBXContainerItemProxy */ = {
			isa = PBXContainerItemProxy;
			containerPortal = DAA9CE802EFA23AC006C2A4C /* Project object */;
			proxyType = 1;
			remoteGlobalIDString = DAA9CE872EFA23AC006C2A4C;
			remoteInfo = BodePlotApp;
		};
/* End PBXContainerItemProxy section */

/* Begin PBXFileReference section */
		DAA9CE882EFA23AC006C2A4C /* BodePlotApp.app */ = {isa = PBXFileReference; explicitFileType = wrapper.application; includeInIndex = 0; path = BodePlotApp.app; sourceTree = BUILT_PRODUCTS_DIR; };
		DAA9CE952EFA23B1006C2A4C /* BodePlotAppTests.xctest */ = {isa = PBXFileReference; explicitFileType = wrapper.cfbundle; includeInIndex = 0; path = BodePlotAppTests.xctest; sourceTree = BUILT_PRODUCTS_DIR; };
		DAA9CE9F2EFA23B1006C2A4C /* BodePlotAppUITests.xctest */ = {isa = PBXFileReference; explicitFileType = wrapper.cfbundle; includeInIndex = 0; path = BodePlotAppUITests.xctest; sourceTree = BUILT_PRODUCTS_DIR; };
/* End PBXFileReference section */

/* Begin PBXFileSystemSynchronizedRootGroup section */
		DAA9CE8A2EFA23AC006C2A4C /* BodePlotApp */ = {
			isa = PBXFileSystemSynchronizedRootGroup;
			path = BodePlotApp;
			sourceTree = "<group>";
		};
		DAA9CE982EFA23B1006C2A4C /* BodePlotAppTests */ = {
			isa = PBXFileSystemSynchronizedRootGroup;
			path = BodePlotAppTests;
			sourceTree = "<group>";
		};
		DAA9CEA22EFA23B1006C2A4C /* BodePlotAppUITests */ = {
			isa = PBXFileSystemSynchronizedRootGroup;
			path = BodePlotAppUITests;
			sourceTree = "<group>";
		};
/* End PBXFileSystemSynchronizedRootGroup section */

/* Begin PBXFrameworksBuildPhase section */
		DAA9CE852EFA23AC006C2A4C /* Frameworks */ = {
			isa = PBXFrameworksBuildPhase;
			buildActionMask = 2147483647;
			files = (
			);
			runOnlyForDeploymentPostprocessing = 0;
		};
		DAA9CE922EFA23B1006C2A4C /* Frameworks */ = {
			isa = PBXFrameworksBuildPhase;
			buildActionMask = 2147483647;
			files = (
			);
			runOnlyForDeploymentPostprocessing = 0;
		};
		DAA9CE9C2EFA23B1006C2A4C /* Frameworks */ = {
			isa = PBXFrameworksBuildPhase;
			buildActionMask = 2147483647;
			files = (
			);
			runOnlyForDeploymentPostprocessing = 0;
		};
/* End PBXFrameworksBuildPhase section */

/* Begin PBXGroup section */
		DAA9CE7F2EFA23AC006C2A4C = {
			isa = PBXGroup;
			children = (
				DAA9CE8A2EFA23AC006C2A4C /* BodePlotApp */,
				DAA9CE982EFA23B1006C2A4C /* BodePlotAppTests */,
				DAA9CEA22EFA23B1006C2A4C /* BodePlotAppUITests */,
				DAA9CE892EFA23AC006C2A4C /* Products */,
			);
			sourceTree = "<group>";
		};
		DAA9CE892EFA23AC006C2A4C /* Products */ = {
			isa = PBXGroup;
			children = (
				DAA9CE882EFA23AC006C2A4C /* BodePlotApp.app */,
				DAA9CE952EFA23B1006C2A4C /* BodePlotAppTests.xctest */,
				DAA9CE9F2EFA23B1006C2A4C /* BodePlotAppUITests.xctest */,
			);
			name = Products;
			sourceTree = "<group>";
		};
/* End PBXGroup section */

/* Begin PBXNativeTarget section */
		DAA9CE872EFA23AC006C2A4C /* BodePlotApp */ = {
			isa = PBXNativeTarget;
			buildConfigurationList = DAA9CEA92EFA23B1006C2A4C /* Build configuration list for PBXNativeTarget "BodePlotApp" */;
			buildPhases = (
				DAA9CE842EFA23AC006C2A4C /* Sources */,
				DAA9CE852EFA23AC006C2A4C /* Frameworks */,
				DAA9CE862EFA23AC006C2A4C /* Resources */,
			);
			buildRules = (
			);
			dependencies = (
			);
			fileSystemSynchronizedGroups = (
				DAA9CE8A2EFA23AC006C2A4C /* BodePlotApp */,
			);
			name = BodePlotApp;
			packageProductDependencies = (
			);
			productName = BodePlotApp;
			productReference = DAA9CE882EFA23AC006C2A4C /* BodePlotApp.app */;
			productType = "com.apple.product-type.application";
		};
		DAA9CE942EFA23B1006C2A4C /* BodePlotAppTests */ = {
			isa = PBXNativeTarget;
			buildConfigurationList = DAA9CEAC2EFA23B1006C2A4C /* Build configuration list for PBXNativeTarget "BodePlotAppTests" */;
			buildPhases = (
				DAA9CE912EFA23B1006C2A4C /* Sources */,
				DAA9CE922EFA23B1006C2A4C /* Frameworks */,
				DAA9CE932EFA23B1006C2A4C /* Resources */,
			);
			buildRules = (
			);
			dependencies = (
				DAA9CE972EFA23B1006C2A4C /* PBXTargetDependency */,
			);
			fileSystemSynchronizedGroups = (
				DAA9CE982EFA23B1006C2A4C /* BodePlotAppTests */,
			);
			name = BodePlotAppTests;
			packageProductDependencies = (
			);
			productName = BodePlotAppTests;
			productReference = DAA9CE952EFA23B1006C2A4C /* BodePlotAppTests.xctest */;
			productType = "com.apple.product-type.bundle.unit-test";
		};
		DAA9CE9E2EFA23B1006C2A4C /* BodePlotAppUITests */ = {
			isa = PBXNativeTarget;
			buildConfigurationList = DAA9CEAF2EFA23B1006C2A4C /* Build configuration list for PBXNativeTarget "BodePlotAppUITests" */;
			buildPhases = (
				DAA9CE9B2EFA23B1006C2A4C /* Sources */,
				DAA9CE9C2EFA23B1006C2A4C /* Frameworks */,
				DAA9CE9D2EFA23B1006C2A4C /* Resources */,
			);
			buildRules = (
			);
			dependencies = (
				DAA9CEA12EFA23B1006C2A4C /* PBXTargetDependency */,
			);
			fileSystemSynchronizedGroups = (
				DAA9CEA22EFA23B1006C2A4C /* BodePlotAppUITests */,
			);
			name = BodePlotAppUITests;
			packageProductDependencies = (
			);
			productName = BodePlotAppUITests;
			productReference = DAA9CE9F2EFA23B1006C2A4C /* BodePlotAppUITests.xctest */;
			productType = "com.apple.product-type.bundle.ui-testing";
		};
/* End PBXNativeTarget section */

/* Begin PBXProject section */
		DAA9CE802EFA23AC006C2A4C /* Project object */ = {
			isa = PBXProject;
			attributes = {
				BuildIndependentTargetsInParallel = 1;
				LastSwiftUpdateCheck = 2620;
				LastUpgradeCheck = 2620;
				TargetAttributes = {
					DAA9CE872EFA23AC006C2A4C = {
						CreatedOnToolsVersion = 26.2;
					};
					DAA9CE942EFA23B1006C2A4C = {
						CreatedOnToolsVersion = 26.2;
						TestTargetID = DAA9CE872EFA23AC006C2A4C;
					};
					DAA9CE9E2EFA23B1006C2A4C = {
						CreatedOnToolsVersion = 26.2;
						TestTargetID = DAA9CE872EFA23AC006C2A4C;
					};
				};
			};
			buildConfigurationList = DAA9CE832EFA23AC006C2A4C /* Build configuration list for PBXProject "BodePlotApp" */;
			developmentRegion = en;
			hasScannedForEncodings = 0;
			knownRegions = (
				en,
				Base,
			);
			mainGroup = DAA9CE7F2EFA23AC006C2A4C;
			minimizedProjectReferenceProxies = 1;
			preferredProjectObjectVersion = 77;
			productRefGroup = DAA9CE892EFA23AC006C2A4C /* Products */;
			projectDirPath = "";
			projectRoot = "";
			targets = (
				DAA9CE872EFA23AC006C2A4C /* BodePlotApp */,
				DAA9CE942EFA23B1006C2A4C /* BodePlotAppTests */,
				DAA9CE9E2EFA23B1006C2A4C /* BodePlotAppUITests */,
			);
		};
/* End PBXProject section */

/* Begin PBXResourcesBuildPhase section */
		DAA9CE862EFA23AC006C2A4C /* Resources */ = {
			isa = PBXResourcesBuildPhase;
			buildActionMask = 2147483647;
			files = (
			);
			runOnlyForDeploymentPostprocessing = 0;
		};
		DAA9CE932EFA23B1006C2A4C /* Resources */ = {
			isa = PBXResourcesBuildPhase;
			buildActionMask = 2147483647;
			files = (
			);
			runOnlyForDeploymentPostprocessing = 0;
		};
		DAA9CE9D2EFA23B1006C2A4C /* Resources */ = {
			isa = PBXResourcesBuildPhase;
			buildActionMask = 2147483647;
			files = (
			);
			runOnlyForDeploymentPostprocessing = 0;
		};
/* End PBXResourcesBuildPhase section */

/* Begin PBXSourcesBuildPhase section */
		DAA9CE842EFA23AC006C2A4C /* Sources */ = {
			isa = PBXSourcesBuildPhase;
			buildActionMask = 2147483647;
			files = (
			);
			runOnlyForDeploymentPostprocessing = 0;
		};
		DAA9CE912EFA23B1006C2A4C /* Sources */ = {
			isa = PBXSourcesBuildPhase;
			buildActionMask = 2147483647;
			files = (
			);
			runOnlyForDeploymentPostprocessing = 0;
		};
		DAA9CE9B2EFA23B1006C2A4C /* Sources */ = {
			isa = PBXSourcesBuildPhase;
			buildActionMask = 2147483647;
			files = (
			);
			runOnlyForDeploymentPostprocessing = 0;
		};
/* End PBXSourcesBuildPhase section */

/* Begin PBXTargetDependency section */
		DAA9CE972EFA23B1006C2A4C /* PBXTargetDependency */ = {
			isa = PBXTargetDependency;
			target = DAA9CE872EFA23AC006C2A4C /* BodePlotApp */;
			targetProxy = DAA9CE962EFA23B1006C2A4C /* PBXContainerItemProxy */;
		};
		DAA9CEA12EFA23B1006C2A4C /* PBXTargetDependency */ = {
			isa = PBXTargetDependency;
			target = DAA9CE872EFA23AC006C2A4C /* BodePlotApp */;
			targetProxy = DAA9CEA02EFA23B1006C2A4C /* PBXContainerItemProxy */;
		};
/* End PBXTargetDependency section */

/* Begin XCBuildConfiguration section */
		DAA9CEA72EFA23B1006C2A4C /* Debug */ = {
			isa = XCBuildConfiguration;
			buildSettings = {
				ALWAYS_SEARCH_USER_PATHS = NO;
				ASSETCATALOG_COMPILER_GENERATE_SWIFT_ASSET_SYMBOL_EXTENSIONS = YES;
				CLANG_ANALYZER_NONNULL = YES;
				CLANG_ANALYZER_NUMBER_OBJECT_CONVERSION = YES_AGGRESSIVE;
				CLANG_CXX_LANGUAGE_STANDARD = "gnu++20";
				CLANG_ENABLE_MODULES = YES;
				CLANG_ENABLE_OBJC_ARC = YES;
				CLANG_ENABLE_OBJC_WEAK = YES;
				CLANG_WARN_BLOCK_CAPTURE_AUTORELEASING = YES;
				CLANG_WARN_BOOL_CONVERSION = YES;
				CLANG_WARN_COMMA = YES;
				CLANG_WARN_CONSTANT_CONVERSION = YES;
				CLANG_WARN_DEPRECATED_OBJC_IMPLEMENTATIONS = YES;
				CLANG_WARN_DIRECT_OBJC_ISA_USAGE = YES_ERROR;
				CLANG_WARN_DOCUMENTATION_COMMENTS = YES;
				CLANG_WARN_EMPTY_BODY = YES;
				CLANG_WARN_ENUM_CONVERSION = YES;
				CLANG_WARN_INFINITE_RECURSION = YES;
				CLANG_WARN_INT_CONVERSION = YES;
				CLANG_WARN_NON_LITERAL_NULL_CONVERSION = YES;
				CLANG_WARN_OBJC_IMPLICIT_RETAIN_SELF = YES;
				CLANG_WARN_OBJC_LITERAL_CONVERSION = YES;
				CLANG_WARN_OBJC_ROOT_CLASS = YES_ERROR;
				CLANG_WARN_QUOTED_INCLUDE_IN_FRAMEWORK_HEADER = YES;
				CLANG_WARN_RANGE_LOOP_ANALYSIS = YES;
				CLANG_WARN_STRICT_PROTOTYPES = YES;
				CLANG_WARN_SUSPICIOUS_MOVE = YES;
				CLANG_WARN_UNGUARDED_AVAILABILITY = YES_AGGRESSIVE;
				CLANG_WARN_UNREACHABLE_CODE = YES;
				CLANG_WARN__DUPLICATE_METHOD_MATCH = YES;
				COPY_PHASE_STRIP = NO;
				DEBUG_INFORMATION_FORMAT = dwarf;
				DEVELOPMENT_TEAM = 47R2RGPDLK;
				ENABLE_STRICT_OBJC_MSGSEND = YES;
				ENABLE_TESTABILITY = YES;
				ENABLE_USER_SCRIPT_SANDBOXING = YES;
				GCC_C_LANGUAGE_STANDARD = gnu17;
				GCC_DYNAMIC_NO_PIC = NO;
				GCC_NO_COMMON_BLOCKS = YES;
				GCC_OPTIMIZATION_LEVEL = 0;
				GCC_PREPROCESSOR_DEFINITIONS = (
					"DEBUG=1",
					"$(inherited)",
				);
				GCC_WARN_64_TO_32_BIT_CONVERSION = YES;
				GCC_WARN_ABOUT_RETURN_TYPE = YES_ERROR;
				GCC_WARN_UNDECLARED_SELECTOR = YES;
				GCC_WARN_UNINITIALIZED_AUTOS = YES_AGGRESSIVE;
				GCC_WARN_UNUSED_FUNCTION = YES;
				GCC_WARN_UNUSED_VARIABLE = YES;
				IPHONEOS_DEPLOYMENT_TARGET = 26.2;
				LOCALIZATION_PREFERS_STRING_CATALOGS = YES;
				MTL_ENABLE_DEBUG_INFO = INCLUDE_SOURCE;
				MTL_FAST_MATH = YES;
				ONLY_ACTIVE_ARCH = YES;
				SDKROOT = iphoneos;
				SWIFT_ACTIVE_COMPILATION_CONDITIONS = "DEBUG $(inherited)";
				SWIFT_OPTIMIZATION_LEVEL = "-Onone";
			};
			name = Debug;
		};
		DAA9CEA82EFA23B1006C2A4C /* Release */ = {
			isa = XCBuildConfiguration;
			buildSettings = {
				ALWAYS_SEARCH_USER_PATHS = NO;
				ASSETCATALOG_COMPILER_GENERATE_SWIFT_ASSET_SYMBOL_EXTENSIONS = YES;
				CLANG_ANALYZER_NONNULL = YES;
				CLANG_ANALYZER_NUMBER_OBJECT_CONVERSION = YES_AGGRESSIVE;
				CLANG_CXX_LANGUAGE_STANDARD = "gnu++20";
				CLANG_ENABLE_MODULES = YES;
				CLANG_ENABLE_OBJC_ARC = YES;
				CLANG_ENABLE_OBJC_WEAK = YES;
				CLANG_WARN_BLOCK_CAPTURE_AUTORELEASING = YES;
				CLANG_WARN_BOOL_CONVERSION = YES;
				CLANG_WARN_COMMA = YES;
				CLANG_WARN_CONSTANT_CONVERSION = YES;
				CLANG_WARN_DEPRECATED_OBJC_IMPLEMENTATIONS = YES;
				CLANG_WARN_DIRECT_OBJC_ISA_USAGE = YES_ERROR;
				CLANG_WARN_DOCUMENTATION_COMMENTS = YES;
				CLANG_WARN_EMPTY_BODY = YES;
				CLANG_WARN_ENUM_CONVERSION = YES;
				CLANG_WARN_INFINITE_RECURSION = YES;
				CLANG_WARN_INT_CONVERSION = YES;
				CLANG_WARN_NON_LITERAL_NULL_CONVERSION = YES;
				CLANG_WARN_OBJC_IMPLICIT_RETAIN_SELF = YES;
				CLANG_WARN_OBJC_LITERAL_CONVERSION = YES;
				CLANG_WARN_OBJC_ROOT_CLASS = YES_ERROR;
				CLANG_WARN_QUOTED_INCLUDE_IN_FRAMEWORK_HEADER = YES;
				CLANG_WARN_RANGE_LOOP_ANALYSIS = YES;
				CLANG_WARN_STRICT_PROTOTYPES = YES;
				CLANG_WARN_SUSPICIOUS_MOVE = YES;
				CLANG_WARN_UNGUARDED_AVAILABILITY = YES_AGGRESSIVE;
				CLANG_WARN_UNREACHABLE_CODE = YES;
				CLANG_WARN__DUPLICATE_METHOD_MATCH = YES;
				COPY_PHASE_STRIP = NO;
				DEBUG_INFORMATION_FORMAT = "dwarf-with-dsym";
				DEVELOPMENT_TEAM = 47R2RGPDLK;
				ENABLE_NS_ASSERTIONS = NO;
				ENABLE_STRICT_OBJC_MSGSEND = YES;
				ENABLE_USER_SCRIPT_SANDBOXING = YES;
				GCC_C_LANGUAGE_STANDARD = gnu17;
				GCC_NO_COMMON_BLOCKS = YES;
				GCC_WARN_64_TO_32_BIT_CONVERSION = YES;
				GCC_WARN_ABOUT_RETURN_TYPE = YES_ERROR;
				GCC_WARN_UNDECLARED_SELECTOR = YES;
				GCC_WARN_UNINITIALIZED_AUTOS = YES_AGGRESSIVE;
				GCC_WARN_UNUSED_FUNCTION = YES;
				GCC_WARN_UNUSED_VARIABLE = YES;
				IPHONEOS_DEPLOYMENT_TARGET = 26.2;
				LOCALIZATION_PREFERS_STRING_CATALOGS = YES;
				MTL_ENABLE_DEBUG_INFO = NO;
				MTL_FAST_MATH = YES;
				SDKROOT = iphoneos;
				SWIFT_COMPILATION_MODE = wholemodule;
				VALIDATE_PRODUCT = YES;
			};
			name = Release;
		};
		DAA9CEAA2EFA23B1006C2A4C /* Debug */ = {
			isa = XCBuildConfiguration;
			buildSettings = {
				ASSETCATALOG_COMPILER_APPICON_NAME = AppIcon;
				ASSETCATALOG_COMPILER_GLOBAL_ACCENT_COLOR_NAME = AccentColor;
				ASSETCATALOG_COMPILER_INCLUDE_ALL_APPICON_ASSETS = NO;
				CODE_SIGN_STYLE = Automatic;
				CURRENT_PROJECT_VERSION = 1;
				DEVELOPMENT_TEAM = 47R2RGPDLK;
				ENABLE_PREVIEWS = YES;
				GENERATE_INFOPLIST_FILE = YES;
				INFOPLIST_KEY_CFBundleDisplayName = "Bode Plot";
				INFOPLIST_KEY_LSApplicationCategoryType = "public.app-category.utilities";
				INFOPLIST_KEY_UIApplicationSceneManifest_Generation = YES;
				INFOPLIST_KEY_UIApplicationSupportsIndirectInputEvents = YES;
				INFOPLIST_KEY_UILaunchScreen_Generation = YES;
				INFOPLIST_KEY_UISupportedInterfaceOrientations = UIInterfaceOrientationPortrait;
				INFOPLIST_KEY_UISupportedInterfaceOrientations_iPad = "UIInterfaceOrientationLandscapeLeft UIInterfaceOrientationLandscapeRight UIInterfaceOrientationPortrait UIInterfaceOrientationPortraitUpsideDown";
				LD_RUNPATH_SEARCH_PATHS = (
					"$(inherited)",
					"@executable_path/Frameworks",
				);
				MARKETING_VERSION = 1.0;
				PRODUCT_BUNDLE_IDENTIFIER = "yuta-nishimatsu.BodePlotApp";
				PRODUCT_NAME = "$(TARGET_NAME)";
				STRING_CATALOG_GENERATE_SYMBOLS = YES;
				SWIFT_APPROACHABLE_CONCURRENCY = YES;
				SWIFT_DEFAULT_ACTOR_ISOLATION = MainActor;
				SWIFT_EMIT_LOC_STRINGS = YES;
				SWIFT_UPCOMING_FEATURE_MEMBER_IMPORT_VISIBILITY = YES;
				SWIFT_VERSION = 5.0;
				TARGETED_DEVICE_FAMILY = "1,2";
			};
			name = Debug;
		};
		DAA9CEAB2EFA23B1006C2A4C /* Release */ = {
			isa = XCBuildConfiguration;
			buildSettings = {
				ASSETCATALOG_COMPILER_APPICON_NAME = AppIcon;
				ASSETCATALOG_COMPILER_GLOBAL_ACCENT_COLOR_NAME = AccentColor;
				ASSETCATALOG_COMPILER_INCLUDE_ALL_APPICON_ASSETS = NO;
				CODE_SIGN_STYLE = Automatic;
				CURRENT_PROJECT_VERSION = 1;
				DEVELOPMENT_TEAM = 47R2RGPDLK;
				ENABLE_PREVIEWS = YES;
				GENERATE_INFOPLIST_FILE = YES;
				INFOPLIST_KEY_CFBundleDisplayName = "Bode Plot";
				INFOPLIST_KEY_LSApplicationCategoryType = "public.app-category.utilities";
				INFOPLIST_KEY_UIApplicationSceneManifest_Generation = YES;
				INFOPLIST_KEY_UIApplicationSupportsIndirectInputEvents = YES;
				INFOPLIST_KEY_UILaunchScreen_Generation = YES;
				INFOPLIST_KEY_UISupportedInterfaceOrientations = UIInterfaceOrientationPortrait;
				INFOPLIST_KEY_UISupportedInterfaceOrientations_iPad = "UIInterfaceOrientationLandscapeLeft UIInterfaceOrientationLandscapeRight UIInterfaceOrientationPortrait UIInterfaceOrientationPortraitUpsideDown";
				LD_RUNPATH_SEARCH_PATHS = (
					"$(inherited)",
					"@executable_path/Frameworks",
				);
				MARKETING_VERSION = 1.0;
				PRODUCT_BUNDLE_IDENTIFIER = "yuta-nishimatsu.BodePlotApp";
				PRODUCT_NAME = "$(TARGET_NAME)";
				STRING_CATALOG_GENERATE_SYMBOLS = YES;
				SWIFT_APPROACHABLE_CONCURRENCY = YES;
				SWIFT_DEFAULT_ACTOR_ISOLATION = MainActor;
				SWIFT_EMIT_LOC_STRINGS = YES;
				SWIFT_UPCOMING_FEATURE_MEMBER_IMPORT_VISIBILITY = YES;
				SWIFT_VERSION = 5.0;
				TARGETED_DEVICE_FAMILY = "1,2";
			};
			name = Release;
		};
		DAA9CEAD2EFA23B1006C2A4C /* Debug */ = {
			isa = XCBuildConfiguration;
			buildSettings = {
				BUNDLE_LOADER = "$(TEST_HOST)";
				CODE_SIGN_STYLE = Automatic;
				CURRENT_PROJECT_VERSION = 1;
				DEVELOPMENT_TEAM = 47R2RGPDLK;
				GENERATE_INFOPLIST_FILE = YES;
				IPHONEOS_DEPLOYMENT_TARGET = 26.2;
				MARKETING_VERSION = 1.0;
				PRODUCT_BUNDLE_IDENTIFIER = "yuta-nishimatsu.BodePlotAppTests";
				PRODUCT_NAME = "$(TARGET_NAME)";
				STRING_CATALOG_GENERATE_SYMBOLS = NO;
				SWIFT_APPROACHABLE_CONCURRENCY = YES;
				SWIFT_EMIT_LOC_STRINGS = NO;
				SWIFT_UPCOMING_FEATURE_MEMBER_IMPORT_VISIBILITY = YES;
				SWIFT_VERSION = 5.0;
				TARGETED_DEVICE_FAMILY = "1,2";
				TEST_HOST = "$(BUILT_PRODUCTS_DIR)/BodePlotApp.app/$(BUNDLE_EXECUTABLE_FOLDER_PATH)/BodePlotApp";
			};
			name = Debug;
		};
		DAA9CEAE2EFA23B1006C2A4C /* Release */ = {
			isa = XCBuildConfiguration;
			buildSettings = {
				BUNDLE_LOADER = "$(TEST_HOST)";
				CODE_SIGN_STYLE = Automatic;
				CURRENT_PROJECT_VERSION = 1;
				DEVELOPMENT_TEAM = 47R2RGPDLK;
				GENERATE_INFOPLIST_FILE = YES;
				IPHONEOS_DEPLOYMENT_TARGET = 26.2;
				MARKETING_VERSION = 1.0;
				PRODUCT_BUNDLE_IDENTIFIER = "yuta-nishimatsu.BodePlotAppTests";
				PRODUCT_NAME = "$(TARGET_NAME)";
				STRING_CATALOG_GENERATE_SYMBOLS = NO;
				SWIFT_APPROACHABLE_CONCURRENCY = YES;
				SWIFT_EMIT_LOC_STRINGS = NO;
				SWIFT_UPCOMING_FEATURE_MEMBER_IMPORT_VISIBILITY = YES;
				SWIFT_VERSION = 5.0;
				TARGETED_DEVICE_FAMILY = "1,2";
				TEST_HOST = "$(BUILT_PRODUCTS_DIR)/BodePlotApp.app/$(BUNDLE_EXECUTABLE_FOLDER_PATH)/BodePlotApp";
			};
			name = Release;
		};
		DAA9CEB02EFA23B1006C2A4C /* Debug */ = {
			isa = XCBuildConfiguration;
			buildSettings = {
				CODE_SIGN_STYLE = Automatic;
				CURRENT_PROJECT_VERSION = 1;
				DEVELOPMENT_TEAM = 47R2RGPDLK;
				GENERATE_INFOPLIST_FILE = YES;
				MARKETING_VERSION = 1.0;
				PRODUCT_BUNDLE_IDENTIFIER = "yuta-nishimatsu.BodePlotAppUITests";
				PRODUCT_NAME = "$(TARGET_NAME)";
				STRING_CATALOG_GENERATE_SYMBOLS = NO;
				SWIFT_APPROACHABLE_CONCURRENCY = YES;
				SWIFT_EMIT_LOC_STRINGS = NO;
				SWIFT_UPCOMING_FEATURE_MEMBER_IMPORT_VISIBILITY = YES;
				SWIFT_VERSION = 5.0;
				TARGETED_DEVICE_FAMILY = "1,2";
				TEST_TARGET_NAME = BodePlotApp;
			};
			name = Debug;
		};
		DAA9CEB12EFA23B1006C2A4C /* Release */ = {
			isa = XCBuildConfiguration;
			buildSettings = {
				CODE_SIGN_STYLE = Automatic;
				CURRENT_PROJECT_VERSION = 1;
				DEVELOPMENT_TEAM = 47R2RGPDLK;
				GENERATE_INFOPLIST_FILE = YES;
				MARKETING_VERSION = 1.0;
				PRODUCT_BUNDLE_IDENTIFIER = "yuta-nishimatsu.BodePlotAppUITests";
				PRODUCT_NAME = "$(TARGET_NAME)";
				STRING_CATALOG_GENERATE_SYMBOLS = NO;
				SWIFT_APPROACHABLE_CONCURRENCY = YES;
				SWIFT_EMIT_LOC_STRINGS = NO;
				SWIFT_UPCOMING_FEATURE_MEMBER_IMPORT_VISIBILITY = YES;
				SWIFT_VERSION = 5.0;
				TARGETED_DEVICE_FAMILY = "1,2";
				TEST_TARGET_NAME = BodePlotApp;
			};
			name = Release;
		};
/* End XCBuildConfiguration section */

/* Begin XCConfigurationList section */
		DAA9CE832EFA23AC006C2A4C /* Build configuration list for PBXProject "BodePlotApp" */ = {
			isa = XCConfigurationList;
			buildConfigurations = (
				DAA9CEA72EFA23B1006C2A4C /* Debug */,
				DAA9CEA82EFA23B1006C2A4C /* Release */,
			);
			defaultConfigurationIsVisible = 0;
			defaultConfigurationName = Release;
		};
		DAA9CEA92EFA23B1006C2A4C /* Build configuration list for PBXNativeTarget "BodePlotApp" */ = {
			isa = XCConfigurationList;
			buildConfigurations = (
				DAA9CEAA2EFA23B1006C2A4C /* Debug */,
				DAA9CEAB2EFA23B1006C2A4C /* Release */,
			);
			defaultConfigurationIsVisible = 0;
			defaultConfigurationName = Release;
		};
		DAA9CEAC2EFA23B1006C2A4C /* Build configuration list for PBXNativeTarget "BodePlotAppTests" */ = {
			isa = XCConfigurationList;
			buildConfigurations = (
				DAA9CEAD2EFA23B1006C2A4C /* Debug */,
				DAA9CEAE2EFA23B1006C2A4C /* Release */,
			);
			defaultConfigurationIsVisible = 0;
			defaultConfigurationName = Release;
		};
		DAA9CEAF2EFA23B1006C2A4C /* Build configuration list for PBXNativeTarget "BodePlotAppUITests" */ = {
			isa = XCConfigurationList;
			buildConfigurations = (
				DAA9CEB02EFA23B1006C2A4C /* Debug */,
				DAA9CEB12EFA23B1006C2A4C /* Release */,
			);
			defaultConfigurationIsVisible = 0;
			defaultConfigurationName = Release;
		};
/* End XCConfigurationList section */
	};
	rootObject = DAA9CE802EFA23AC006C2A4C /* Project object */;
}
